
Microsoft Visual Studio Solution File, Format Version 12.00
# Visual Studio Version 17
VisualStudioVersion = 17.7.34018.315
MinimumVisualStudioVersion = 10.0.40219.1
Project("{FAE04EC0-301F-11D3-BF4B-00C04F79EFBC}") = "atividade_3", "atividade_3\atividade_3.csproj", "{144DFDA1-76F2-4FC3-AFC6-1125B5398B33}"
EndProject
Global
	GlobalSection(SolutionConfigurationPlatforms) = preSolution
		Debug|Any CPU = Debug|Any CPU
		Release|Any CPU = Release|Any CPU
	EndGlobalSection
	GlobalSection(ProjectConfigurationPlatforms) = postSolution
		{144DFDA1-76F2-4FC3-AFC6-1125B5398B33}.Debug|Any CPU.ActiveCfg = Debug|Any CPU
		{144DFDA1-76F2-4FC3-AFC6-1125B5398B33}.Debug|Any CPU.Build.0 = Debug|Any CPU
		{144DFDA1-76F2-4FC3-AFC6-1125B5398B33}.Release|Any CPU.ActiveCfg = Release|Any CPU
		{144DFDA1-76F2-4FC3-AFC6-1125B5398B33}.Release|Any CPU.Build.0 = Release|Any CPU
	EndGlobalSection
	GlobalSection(SolutionProperties) = preSolution
		HideSolutionNode = FALSE
	EndGlobalSection
	GlobalSection(ExtensibilityGlobals) = postSolution
		SolutionGuid = {4B0D1B2F-EEFB-46C7-BF08-7ACF6E3ABE14}
	EndGlobalSection
EndGlobal
